
Microsoft Visual Studio Solution File, Format Version 12.00
# Visual Studio Version 16
VisualStudioVersion = 16.0.30114.128
MinimumVisualStudioVersion = 10.0.40219.1
Project("{9A19103F-16F7-4668-BE54-9A1E7A4F7556}") = "Frontend", "Frontend\Frontend.csproj", "{0B156B4A-8235-4670-B04C-B37E7F2FE328}"
EndProject
Project("{9A19103F-16F7-4668-BE54-9A1E7A4F7556}") = "Data", "Data\Data.csproj", "{0E4F6E45-B392-45F2-9B50-37F6943CD8F1}"
EndProject
Project("{9A19103F-16F7-4668-BE54-9A1E7A4F7556}") = "Common", "Common\Common.csproj", "{8E0F18EA-085F-4BEF-9185-BE0ED1FAEA64}"
EndProject
Global
	GlobalSection(SolutionConfigurationPlatforms) = preSolution
		Debug|Any CPU = Debug|Any CPU
		Release|Any CPU = Release|Any CPU
	EndGlobalSection
	GlobalSection(ProjectConfigurationPlatforms) = postSolution
		{0B156B4A-8235-4670-B04C-B37E7F2FE328}.Debug|Any CPU.ActiveCfg = Debug|Any CPU
		{0B156B4A-8235-4670-B04C-B37E7F2FE328}.Debug|Any CPU.Build.0 = Debug|Any CPU
		{0B156B4A-8235-4670-B04C-B37E7F2FE328}.Release|Any CPU.ActiveCfg = Release|Any CPU
		{0B156B4A-8235-4670-B04C-B37E7F2FE328}.Release|Any CPU.Build.0 = Release|Any CPU
		{0E4F6E45-B392-45F2-9B50-37F6943CD8F1}.Debug|Any CPU.ActiveCfg = Debug|Any CPU
		{0E4F6E45-B392-45F2-9B50-37F6943CD8F1}.Debug|Any CPU.Build.0 = Debug|Any CPU
		{0E4F6E45-B392-45F2-9B50-37F6943CD8F1}.Release|Any CPU.ActiveCfg = Release|Any CPU
		{0E4F6E45-B392-45F2-9B50-37F6943CD8F1}.Release|Any CPU.Build.0 = Release|Any CPU
		{8E0F18EA-085F-4BEF-9185-BE0ED1FAEA64}.Debug|Any CPU.ActiveCfg = Debug|Any CPU
		{8E0F18EA-085F-4BEF-9185-BE0ED1FAEA64}.Debug|Any CPU.Build.0 = Debug|Any CPU
		{8E0F18EA-085F-4BEF-9185-BE0ED1FAEA64}.Release|Any CPU.ActiveCfg = Release|Any CPU
		{8E0F18EA-085F-4BEF-9185-BE0ED1FAEA64}.Release|Any CPU.Build.0 = Release|Any CPU
	EndGlobalSection
	GlobalSection(SolutionProperties) = preSolution
		HideSolutionNode = FALSE
	EndGlobalSection
	GlobalSection(ExtensibilityGlobals) = postSolution
		SolutionGuid = {0A08D00E-9C5F-40B2-A888-8E1BC0B72E3A}
	EndGlobalSection
EndGlobal
